Microsoft Visual Studio Solution File, Format Version 12.00
# Visual Studio Version 17
VisualStudioVersion = 17.13.35931.197
MinimumVisualStudioVersion = 10.0.40219.1
Project("{FAE04EC0-301F-11D3-BF4B-00C04F79EFBC}") = "SerilogViewer.RCL", "SerilogViewer.RCL\SerilogViewer.RCL.csproj", "{D5FC06A5-48CA-48D7-AF9E-677E3559115C}"
EndProject
Project("{FAE04EC0-301F-11D3-BF4B-00C04F79EFBC}") = "Service", "Parsing\Service.csproj", "{3045BBC1-D0A8-4BD4-AD84-929386221D6B}"
EndProject
Project("{FAE04EC0-301F-11D3-BF4B-00C04F79EFBC}") = "Testing", "Testing\Testing.csproj", "{0706961B-2FDB-40FA-9082-A7E7C8EEBEA6}"
EndProject
Global
	GlobalSection(SolutionConfigurationPlatforms) = preSolution
		Debug|Any CPU = Debug|Any CPU
		Release|Any CPU = Release|Any CPU
	EndGlobalSection
	GlobalSection(ProjectConfigurationPlatforms) = postSolution
		{D5FC06A5-48CA-48D7-AF9E-677E3559115C}.Debug|Any CPU.ActiveCfg = Debug|Any CPU
		{D5FC06A5-48CA-48D7-AF9E-677E3559115C}.Debug|Any CPU.Build.0 = Debug|Any CPU
		{D5FC06A5-48CA-48D7-AF9E-677E3559115C}.Release|Any CPU.ActiveCfg = Release|Any CPU
		{D5FC06A5-48CA-48D7-AF9E-677E3559115C}.Release|Any CPU.Build.0 = Release|Any CPU
		{3045BBC1-D0A8-4BD4-AD84-929386221D6B}.Debug|Any CPU.ActiveCfg = Debug|Any CPU
		{3045BBC1-D0A8-4BD4-AD84-929386221D6B}.Debug|Any CPU.Build.0 = Debug|Any CPU
		{3045BBC1-D0A8-4BD4-AD84-929386221D6B}.Release|Any CPU.ActiveCfg = Release|Any CPU
		{3045BBC1-D0A8-4BD4-AD84-929386221D6B}.Release|Any CPU.Build.0 = Release|Any CPU
		{0706961B-2FDB-40FA-9082-A7E7C8EEBEA6}.Debug|Any CPU.ActiveCfg = Debug|Any CPU
		{0706961B-2FDB-40FA-9082-A7E7C8EEBEA6}.Debug|Any CPU.Build.0 = Debug|Any CPU
		{0706961B-2FDB-40FA-9082-A7E7C8EEBEA6}.Release|Any CPU.ActiveCfg = Release|Any CPU
		{0706961B-2FDB-40FA-9082-A7E7C8EEBEA6}.Release|Any CPU.Build.0 = Release|Any CPU
	EndGlobalSection
	GlobalSection(SolutionProperties) = preSolution
		HideSolutionNode = FALSE
	EndGlobalSection
	GlobalSection(ExtensibilityGlobals) = postSolution
		SolutionGuid = {E2D1B66B-ED5A-4312-9ABB-AEC275D56790}
	EndGlobalSection
EndGlobal
