<Solution>
  <Project Path="SampleApp/SampleApp.csproj" Id="bbea7058-49fa-43a4-8c48-abdc8cb61183" />
  <Project Path="SerilogViewer.Abstractions/SerilogViewer.Abstractions.csproj" />
  <Project Path="SerilogViewer.RCL/SerilogViewer.RCL.csproj" />
  <Project Path="Testing/Testing.csproj" />
</Solution>
